{
  "object": {
    "pins": [
      {
        "package": "AppAuth",
        "repositoryURL": "https://github.com/bengottlieb/AppAuth-iOS.git",
        "state": {
          "branch": null,
          "revision": "e4f9873e76c1ae9ed6dad58b5295e9bd1f596c9e",
          "version": "0.9.2"
        }
      },
      {
        "package": "GoogleUtilities",
        "repositoryURL": "https://github.com/bengottlieb/GoogleUtilities.git",
        "state": {
          "branch": null,
          "revision": "84b6bfe65b9102ef33e7748800b62239186e17cb",
          "version": "0.9.0"
        }
      },
      {
        "package": "GTMSessionFetcher",
        "repositoryURL": "https://github.com/bengottlieb/gtm-session-fetcher.git",
        "state": {
          "branch": null,
          "revision": "78e5fa98645c228c2b1de9c092cb5c0ae7dc8bc5",
          "version": "0.9.0"
        }
      },
      {
        "package": "GTMAppAuth",
        "repositoryURL": "https://github.com/bengottlieb/GTMAppAuth.git",
        "state": {
          "branch": null,
          "revision": "f7bbb63f3d0b75fe8eb4f890999d88f7700f2e7c",
          "version": "0.9.2"
        }
      },
      {
        "package": "OCMock",
        "repositoryURL": "https://github.com/firebase/ocmock.git",
        "state": {
          "branch": null,
          "revision": "7291762d3551c5c7e31c49cce40a0e391a52e889",
          "version": null
        }
      },
      {
        "package": "Promises",
        "repositoryURL": "https://github.com/google/promises.git",
        "state": {
          "branch": null,
          "revision": "e70e889c0196c76d22759eb50d6a0270ca9f1d9e",
          "version": "2.3.1"
        }
      }
    ]
  },
  "version": 1
}
